
Microsoft Visual Studio Solution File, Format Version 12.00
# Visual Studio Version 17
VisualStudioVersion = 17.8.34316.72
MinimumVisualStudioVersion = 10.0.40219.1
Project("{8BC9CEB8-8B4A-11D0-8D11-00A0C91BC942}") = "lab2_var1", "lab2_var1.vcxproj", "{F2F47016-078F-4654-A045-00BA4F13692F}"
EndProject
Global
	GlobalSection(SolutionConfigurationPlatforms) = preSolution
		Debug|x64 = Debug|x64
		Debug|x86 = Debug|x86
		Release|x64 = Release|x64
		Release|x86 = Release|x86
	EndGlobalSection
	GlobalSection(ProjectConfigurationPlatforms) = postSolution
		{F2F47016-078F-4654-A045-00BA4F13692F}.Debug|x64.ActiveCfg = Debug|x64
		{F2F47016-078F-4654-A045-00BA4F13692F}.Debug|x64.Build.0 = Debug|x64
		{F2F47016-078F-4654-A045-00BA4F13692F}.Debug|x86.ActiveCfg = Debug|Win32
		{F2F47016-078F-4654-A045-00BA4F13692F}.Debug|x86.Build.0 = Debug|Win32
		{F2F47016-078F-4654-A045-00BA4F13692F}.Release|x64.ActiveCfg = Release|x64
		{F2F47016-078F-4654-A045-00BA4F13692F}.Release|x64.Build.0 = Release|x64
		{F2F47016-078F-4654-A045-00BA4F13692F}.Release|x86.ActiveCfg = Release|Win32
		{F2F47016-078F-4654-A045-00BA4F13692F}.Release|x86.Build.0 = Release|Win32
	EndGlobalSection
	GlobalSection(SolutionProperties) = preSolution
		HideSolutionNode = FALSE
	EndGlobalSection
	GlobalSection(ExtensibilityGlobals) = postSolution
		SolutionGuid = {F92A1432-6A9F-465D-BA87-8F8AA16B8EA5}
	EndGlobalSection
EndGlobal
